
Microsoft Visual Studio Solution File, Format Version 12.00
# Visual Studio Version 16
VisualStudioVersion = 16.0.31605.320
MinimumVisualStudioVersion = 10.0.40219.1
Project("{8BC9CEB8-8B4A-11D0-8D11-00A0C91BC942}") = "Project2", "Project2.vcxproj", "{1BDBC8D2-A32A-4EB9-BB6B-62F51912508B}"
EndProject
Global
	GlobalSection(SolutionConfigurationPlatforms) = preSolution
		Debug|x64 = Debug|x64
		Debug|x86 = Debug|x86
		Release|x64 = Release|x64
		Release|x86 = Release|x86
	EndGlobalSection
	GlobalSection(ProjectConfigurationPlatforms) = postSolution
		{1BDBC8D2-A32A-4EB9-BB6B-62F51912508B}.Debug|x64.ActiveCfg = Debug|x64
		{1BDBC8D2-A32A-4EB9-BB6B-62F51912508B}.Debug|x64.Build.0 = Debug|x64
		{1BDBC8D2-A32A-4EB9-BB6B-62F51912508B}.Debug|x86.ActiveCfg = Debug|Win32
		{1BDBC8D2-A32A-4EB9-BB6B-62F51912508B}.Debug|x86.Build.0 = Debug|Win32
		{1BDBC8D2-A32A-4EB9-BB6B-62F51912508B}.Release|x64.ActiveCfg = Release|x64
		{1BDBC8D2-A32A-4EB9-BB6B-62F51912508B}.Release|x64.Build.0 = Release|x64
		{1BDBC8D2-A32A-4EB9-BB6B-62F51912508B}.Release|x86.ActiveCfg = Release|Win32
		{1BDBC8D2-A32A-4EB9-BB6B-62F51912508B}.Release|x86.Build.0 = Release|Win32
	EndGlobalSection
	GlobalSection(SolutionProperties) = preSolution
		HideSolutionNode = FALSE
	EndGlobalSection
	GlobalSection(ExtensibilityGlobals) = postSolution
		SolutionGuid = {EFC24233-49C6-47E9-A0D5-528AB8FA3CD5}
	EndGlobalSection
EndGlobal
